
Microsoft Visual Studio Solution File, Format Version 12.00
# Visual Studio Version 16
VisualStudioVersion = 16.0.30621.155
MinimumVisualStudioVersion = 10.0.40219.1
Project("{FAE04EC0-301F-11D3-BF4B-00C04F79EFBC}") = "Week1_Challeges", "Week1_Challeges\Week1_Challeges.csproj", "{4DF2C424-DC50-4D4B-AEA3-E7FF74581260}"
EndProject
Project("{FAE04EC0-301F-11D3-BF4B-00C04F79EFBC}") = "03_Loops", "03_Loops\03_Loops.csproj", "{F48B2127-B137-47DB-9FDD-101B65AD5539}"
EndProject
Global
	GlobalSection(SolutionConfigurationPlatforms) = preSolution
		Debug|Any CPU = Debug|Any CPU
		Release|Any CPU = Release|Any CPU
	EndGlobalSection
	GlobalSection(ProjectConfigurationPlatforms) = postSolution
		{4DF2C424-DC50-4D4B-AEA3-E7FF74581260}.Debug|Any CPU.ActiveCfg = Debug|Any CPU
		{4DF2C424-DC50-4D4B-AEA3-E7FF74581260}.Debug|Any CPU.Build.0 = Debug|Any CPU
		{4DF2C424-DC50-4D4B-AEA3-E7FF74581260}.Release|Any CPU.ActiveCfg = Release|Any CPU
		{4DF2C424-DC50-4D4B-AEA3-E7FF74581260}.Release|Any CPU.Build.0 = Release|Any CPU
		{F48B2127-B137-47DB-9FDD-101B65AD5539}.Debug|Any CPU.ActiveCfg = Debug|Any CPU
		{F48B2127-B137-47DB-9FDD-101B65AD5539}.Debug|Any CPU.Build.0 = Debug|Any CPU
		{F48B2127-B137-47DB-9FDD-101B65AD5539}.Release|Any CPU.ActiveCfg = Release|Any CPU
		{F48B2127-B137-47DB-9FDD-101B65AD5539}.Release|Any CPU.Build.0 = Release|Any CPU
	EndGlobalSection
	GlobalSection(SolutionProperties) = preSolution
		HideSolutionNode = FALSE
	EndGlobalSection
	GlobalSection(ExtensibilityGlobals) = postSolution
		SolutionGuid = {FAE966B5-A816-4EBF-ABB2-0C66E5FF5B47}
	EndGlobalSection
EndGlobal
